// !$*UTF8*$!
{
	archiveVersion = 1;
	classes = {
	};
	objectVersion = 56;
	objects = {

/* Begin PBXBuildFile section */
		68BCF1AB2A9AF6F400A57E50 /* Date+Extensions.swift in Sources */ = {isa = PBXBuildFile; fileRef = 68BCF1AA2A9AF6F400A57E50 /* Date+Extensions.swift */; };
		68ED30632A91E2830064A96D /* MyTaskApp.swift in Sources */ = {isa = PBXBuildFile; fileRef = 68ED30622A91E2830064A96D /* MyTaskApp.swift */; };
		68ED30672A91E2840064A96D /* Assets.xcassets in Resources */ = {isa = PBXBuildFile; fileRef = 68ED30662A91E2840064A96D /* Assets.xcassets */; };
		68ED306A2A91E2840064A96D /* Preview Assets.xcassets in Resources */ = {isa = PBXBuildFile; fileRef = 68ED30692A91E2840064A96D /* Preview Assets.xcassets */; };
		68ED306C2A91E2840064A96D /* Persistence.swift in Sources */ = {isa = PBXBuildFile; fileRef = 68ED306B2A91E2840064A96D /* Persistence.swift */; };
		68ED306F2A91E2840064A96D /* MyTask.xcdatamodeld in Sources */ = {isa = PBXBuildFile; fileRef = 68ED306D2A91E2840064A96D /* MyTask.xcdatamodeld */; };
		68ED30792A91E2840064A96D /* MyTaskTests.swift in Sources */ = {isa = PBXBuildFile; fileRef = 68ED30782A91E2840064A96D /* MyTaskTests.swift */; };
		68ED30832A91E2840064A96D /* MyTaskUITests.swift in Sources */ = {isa = PBXBuildFile; fileRef = 68ED30822A91E2840064A96D /* MyTaskUITests.swift */; };
		68ED30852A91E2840064A96D /* MyTaskUITestsLaunchTests.swift in Sources */ = {isa = PBXBuildFile; fileRef = 68ED30842A91E2840064A96D /* MyTaskUITestsLaunchTests.swift */; };
		68ED30932A91E32A0064A96D /* Task.swift in Sources */ = {isa = PBXBuildFile; fileRef = 68ED30922A91E32A0064A96D /* Task.swift */; };
		68ED30962A91E5400064A96D /* TaskViewModel.swift in Sources */ = {isa = PBXBuildFile; fileRef = 68ED30952A91E5400064A96D /* TaskViewModel.swift */; };
		68ED309A2A91ED5E0064A96D /* HomeView.swift in Sources */ = {isa = PBXBuildFile; fileRef = 68ED30992A91ED5E0064A96D /* HomeView.swift */; };
/* End PBXBuildFile section */

/* Begin PBXContainerItemProxy section */
		68ED30752A91E2840064A96D /* PBXContainerItemProxy */ = {
			isa = PBXContainerItemProxy;
			containerPortal = 68ED30572A91E2830064A96D /* Project object */;
			proxyType = 1;
			remoteGlobalIDString = 68ED305E2A91E2830064A96D;
			remoteInfo = MyTask;
		};
		68ED307F2A91E2840064A96D /* PBXContainerItemProxy */ = {
			isa = PBXContainerItemProxy;
			containerPortal = 68ED30572A91E2830064A96D /* Project object */;
			proxyType = 1;
			remoteGlobalIDString = 68ED305E2A91E2830064A96D;
			remoteInfo = MyTask;
		};
/* End PBXContainerItemProxy section */

/* Begin PBXFileReference section */
		68BCF1AA2A9AF6F400A57E50 /* Date+Extensions.swift */ = {isa = PBXFileReference; lastKnownFileType = sourcecode.swift; path = "Date+Extensions.swift"; sourceTree = "<group>"; };
		68ED305F2A91E2830064A96D /* MyTask.app */ = {isa = PBXFileReference; explicitFileType = wrapper.application; includeInIndex = 0; path = MyTask.app; sourceTree = BUILT_PRODUCTS_DIR; };
		68ED30622A91E2830064A96D /* MyTaskApp.swift */ = {isa = PBXFileReference; lastKnownFileType = sourcecode.swift; path = MyTaskApp.swift; sourceTree = "<group>"; };
		68ED30662A91E2840064A96D /* Assets.xcassets */ = {isa = PBXFileReference; lastKnownFileType = folder.assetcatalog; path = Assets.xcassets; sourceTree = "<group>"; };
		68ED30692A91E2840064A96D /* Preview Assets.xcassets */ = {isa = PBXFileReference; lastKnownFileType = folder.assetcatalog; path = "Preview Assets.xcassets"; sourceTree = "<group>"; };
		68ED306B2A91E2840064A96D /* Persistence.swift */ = {isa = PBXFileReference; lastKnownFileType = sourcecode.swift; path = Persistence.swift; sourceTree = "<group>"; };
		68ED306E2A91E2840064A96D /* MyTask.xcdatamodel */ = {isa = PBXFileReference; lastKnownFileType = wrapper.xcdatamodel; path = MyTask.xcdatamodel; sourceTree = "<group>"; };
		68ED30742A91E2840064A96D /* MyTaskTests.xctest */ = {isa = PBXFileReference; explicitFileType = wrapper.cfbundle; includeInIndex = 0; path = MyTaskTests.xctest; sourceTree = BUILT_PRODUCTS_DIR; };
		68ED30782A91E2840064A96D /* MyTaskTests.swift */ = {isa = PBXFileReference; lastKnownFileType = sourcecode.swift; path = MyTaskTests.swift; sourceTree = "<group>"; };
		68ED307E2A91E2840064A96D /* MyTaskUITests.xctest */ = {isa = PBXFileReference; explicitFileType = wrapper.cfbundle; includeInIndex = 0; path = MyTaskUITests.xctest; sourceTree = BUILT_PRODUCTS_DIR; };
		68ED30822A91E2840064A96D /* MyTaskUITests.swift */ = {isa = PBXFileReference; lastKnownFileType = sourcecode.swift; path = MyTaskUITests.swift; sourceTree = "<group>"; };
		68ED30842A91E2840064A96D /* MyTaskUITestsLaunchTests.swift */ = {isa = PBXFileReference; lastKnownFileType = sourcecode.swift; path = MyTaskUITestsLaunchTests.swift; sourceTree = "<group>"; };
		68ED30922A91E32A0064A96D /* Task.swift */ = {isa = PBXFileReference; lastKnownFileType = sourcecode.swift; path = Task.swift; sourceTree = "<group>"; };
		68ED30952A91E5400064A96D /* TaskViewModel.swift */ = {isa = PBXFileReference; lastKnownFileType = sourcecode.swift; path = TaskViewModel.swift; sourceTree = "<group>"; };
		68ED30992A91ED5E0064A96D /* HomeView.swift */ = {isa = PBXFileReference; lastKnownFileType = sourcecode.swift; path = HomeView.swift; sourceTree = "<group>"; };
/* End PBXFileReference section */

/* Begin PBXFrameworksBuildPhase section */
		68ED305C2A91E2830064A96D /* Frameworks */ = {
			isa = PBXFrameworksBuildPhase;
			buildActionMask = 2147483647;
			files = (
			);
			runOnlyForDeploymentPostprocessing = 0;
		};
		68ED30712A91E2840064A96D /* Frameworks */ = {
			isa = PBXFrameworksBuildPhase;
			buildActionMask = 2147483647;
			files = (
			);
			runOnlyForDeploymentPostprocessing = 0;
		};
		68ED307B2A91E2840064A96D /* Frameworks */ = {
			isa = PBXFrameworksBuildPhase;
			buildActionMask = 2147483647;
			files = (
			);
			runOnlyForDeploymentPostprocessing = 0;
		};
/* End PBXFrameworksBuildPhase section */

/* Begin PBXGroup section */
		68BCF1A92A9AF6D400A57E50 /* Extensions */ = {
			isa = PBXGroup;
			children = (
				68BCF1AA2A9AF6F400A57E50 /* Date+Extensions.swift */,
			);
			path = Extensions;
			sourceTree = "<group>";
		};
		68ED30562A91E2830064A96D = {
			isa = PBXGroup;
			children = (
				68ED30612A91E2830064A96D /* MyTask */,
				68ED30772A91E2840064A96D /* MyTaskTests */,
				68ED30812A91E2840064A96D /* MyTaskUITests */,
				68ED30602A91E2830064A96D /* Products */,
			);
			sourceTree = "<group>";
		};
		68ED30602A91E2830064A96D /* Products */ = {
			isa = PBXGroup;
			children = (
				68ED305F2A91E2830064A96D /* MyTask.app */,
				68ED30742A91E2840064A96D /* MyTaskTests.xctest */,
				68ED307E2A91E2840064A96D /* MyTaskUITests.xctest */,
			);
			name = Products;
			sourceTree = "<group>";
		};
		68ED30612A91E2830064A96D /* MyTask */ = {
			isa = PBXGroup;
			children = (
				68BCF1A92A9AF6D400A57E50 /* Extensions */,
				68ED30972A91ED2E0064A96D /* Views */,
				68ED30942A91E5170064A96D /* ViewModel */,
				68ED30912A91E3150064A96D /* Model */,
				68ED30622A91E2830064A96D /* MyTaskApp.swift */,
				68ED30662A91E2840064A96D /* Assets.xcassets */,
				68ED306B2A91E2840064A96D /* Persistence.swift */,
				68ED306D2A91E2840064A96D /* MyTask.xcdatamodeld */,
				68ED30682A91E2840064A96D /* Preview Content */,
			);
			path = MyTask;
			sourceTree = "<group>";
		};
		68ED30682A91E2840064A96D /* Preview Content */ = {
			isa = PBXGroup;
			children = (
				68ED30692A91E2840064A96D /* Preview Assets.xcassets */,
			);
			path = "Preview Content";
			sourceTree = "<group>";
		};
		68ED30772A91E2840064A96D /* MyTaskTests */ = {
			isa = PBXGroup;
			children = (
				68ED30782A91E2840064A96D /* MyTaskTests.swift */,
			);
			path = MyTaskTests;
			sourceTree = "<group>";
		};
		68ED30812A91E2840064A96D /* MyTaskUITests */ = {
			isa = PBXGroup;
			children = (
				68ED30822A91E2840064A96D /* MyTaskUITests.swift */,
				68ED30842A91E2840064A96D /* MyTaskUITestsLaunchTests.swift */,
			);
			path = MyTaskUITests;
			sourceTree = "<group>";
		};
		68ED30912A91E3150064A96D /* Model */ = {
			isa = PBXGroup;
			children = (
				68ED30922A91E32A0064A96D /* Task.swift */,
			);
			path = Model;
			sourceTree = "<group>";
		};
		68ED30942A91E5170064A96D /* ViewModel */ = {
			isa = PBXGroup;
			children = (
				68ED30952A91E5400064A96D /* TaskViewModel.swift */,
			);
			path = ViewModel;
			sourceTree = "<group>";
		};
		68ED30972A91ED2E0064A96D /* Views */ = {
			isa = PBXGroup;
			children = (
				68ED30982A91ED360064A96D /* HomeView */,
			);
			path = Views;
			sourceTree = "<group>";
		};
		68ED30982A91ED360064A96D /* HomeView */ = {
			isa = PBXGroup;
			children = (
				68ED30992A91ED5E0064A96D /* HomeView.swift */,
			);
			path = HomeView;
			sourceTree = "<group>";
		};
/* End PBXGroup section */

/* Begin PBXNativeTarget section */
		68ED305E2A91E2830064A96D /* MyTask */ = {
			isa = PBXNativeTarget;
			buildConfigurationList = 68ED30882A91E2840064A96D /* Build configuration list for PBXNativeTarget "MyTask" */;
			buildPhases = (
				68ED305B2A91E2830064A96D /* Sources */,
				68ED305C2A91E2830064A96D /* Frameworks */,
				68ED305D2A91E2830064A96D /* Resources */,
			);
			buildRules = (
			);
			dependencies = (
			);
			name = MyTask;
			productName = MyTask;
			productReference = 68ED305F2A91E2830064A96D /* MyTask.app */;
			productType = "com.apple.product-type.application";
		};
		68ED30732A91E2840064A96D /* MyTaskTests */ = {
			isa = PBXNativeTarget;
			buildConfigurationList = 68ED308B2A91E2840064A96D /* Build configuration list for PBXNativeTarget "MyTaskTests" */;
			buildPhases = (
				68ED30702A91E2840064A96D /* Sources */,
				68ED30712A91E2840064A96D /* Frameworks */,
				68ED30722A91E2840064A96D /* Resources */,
			);
			buildRules = (
			);
			dependencies = (
				68ED30762A91E2840064A96D /* PBXTargetDependency */,
			);
			name = MyTaskTests;
			productName = MyTaskTests;
			productReference = 68ED30742A91E2840064A96D /* MyTaskTests.xctest */;
			productType = "com.apple.product-type.bundle.unit-test";
		};
		68ED307D2A91E2840064A96D /* MyTaskUITests */ = {
			isa = PBXNativeTarget;
			buildConfigurationList = 68ED308E2A91E2840064A96D /* Build configuration list for PBXNativeTarget "MyTaskUITests" */;
			buildPhases = (
				68ED307A2A91E2840064A96D /* Sources */,
				68ED307B2A91E2840064A96D /* Frameworks */,
				68ED307C2A91E2840064A96D /* Resources */,
			);
			buildRules = (
			);
			dependencies = (
				68ED30802A91E2840064A96D /* PBXTargetDependency */,
			);
			name = MyTaskUITests;
			productName = MyTaskUITests;
			productReference = 68ED307E2A91E2840064A96D /* MyTaskUITests.xctest */;
			productType = "com.apple.product-type.bundle.ui-testing";
		};
/* End PBXNativeTarget section */

/* Begin PBXProject section */
		68ED30572A91E2830064A96D /* Project object */ = {
			isa = PBXProject;
			attributes = {
				BuildIndependentTargetsInParallel = 1;
				LastSwiftUpdateCheck = 1420;
				LastUpgradeCheck = 1420;
				TargetAttributes = {
					68ED305E2A91E2830064A96D = {
						CreatedOnToolsVersion = 14.2;
					};
					68ED30732A91E2840064A96D = {
						CreatedOnToolsVersion = 14.2;
						TestTargetID = 68ED305E2A91E2830064A96D;
					};
					68ED307D2A91E2840064A96D = {
						CreatedOnToolsVersion = 14.2;
						TestTargetID = 68ED305E2A91E2830064A96D;
					};
				};
			};
			buildConfigurationList = 68ED305A2A91E2830064A96D /* Build configuration list for PBXProject "MyTask" */;
			compatibilityVersion = "Xcode 14.0";
			developmentRegion = en;
			hasScannedForEncodings = 0;
			knownRegions = (
				en,
				Base,
			);
			mainGroup = 68ED30562A91E2830064A96D;
			productRefGroup = 68ED30602A91E2830064A96D /* Products */;
			projectDirPath = "";
			projectRoot = "";
			targets = (
				68ED305E2A91E2830064A96D /* MyTask */,
				68ED30732A91E2840064A96D /* MyTaskTests */,
				68ED307D2A91E2840064A96D /* MyTaskUITests */,
			);
		};
/* End PBXProject section */

/* Begin PBXResourcesBuildPhase section */
		68ED305D2A91E2830064A96D /* Resources */ = {
			isa = PBXResourcesBuildPhase;
			buildActionMask = 2147483647;
			files = (
				68ED306A2A91E2840064A96D /* Preview Assets.xcassets in Resources */,
				68ED30672A91E2840064A96D /* Assets.xcassets in Resources */,
			);
			runOnlyForDeploymentPostprocessing = 0;
		};
		68ED30722A91E2840064A96D /* Resources */ = {
			isa = PBXResourcesBuildPhase;
			buildActionMask = 2147483647;
			files = (
			);
			runOnlyForDeploymentPostprocessing = 0;
		};
		68ED307C2A91E2840064A96D /* Resources */ = {
			isa = PBXResourcesBuildPhase;
			buildActionMask = 2147483647;
			files = (
			);
			runOnlyForDeploymentPostprocessing = 0;
		};
/* End PBXResourcesBuildPhase section */

/* Begin PBXSourcesBuildPhase section */
		68ED305B2A91E2830064A96D /* Sources */ = {
			isa = PBXSourcesBuildPhase;
			buildActionMask = 2147483647;
			files = (
				68ED30932A91E32A0064A96D /* Task.swift in Sources */,
				68ED306F2A91E2840064A96D /* MyTask.xcdatamodeld in Sources */,
				68BCF1AB2A9AF6F400A57E50 /* Date+Extensions.swift in Sources */,
				68ED306C2A91E2840064A96D /* Persistence.swift in Sources */,
				68ED309A2A91ED5E0064A96D /* HomeView.swift in Sources */,
				68ED30962A91E5400064A96D /* TaskViewModel.swift in Sources */,
				68ED30632A91E2830064A96D /* MyTaskApp.swift in Sources */,
			);
			runOnlyForDeploymentPostprocessing = 0;
		};
		68ED30702A91E2840064A96D /* Sources */ = {
			isa = PBXSourcesBuildPhase;
			buildActionMask = 2147483647;
			files = (
				68ED30792A91E2840064A96D /* MyTaskTests.swift in Sources */,
			);
			runOnlyForDeploymentPostprocessing = 0;
		};
		68ED307A2A91E2840064A96D /* Sources */ = {
			isa = PBXSourcesBuildPhase;
			buildActionMask = 2147483647;
			files = (
				68ED30832A91E2840064A96D /* MyTaskUITests.swift in Sources */,
				68ED30852A91E2840064A96D /* MyTaskUITestsLaunchTests.swift in Sources */,
			);
			runOnlyForDeploymentPostprocessing = 0;
		};
/* End PBXSourcesBuildPhase section */

/* Begin PBXTargetDependency section */
		68ED30762A91E2840064A96D /* PBXTargetDependency */ = {
			isa = PBXTargetDependency;
			target = 68ED305E2A91E2830064A96D /* MyTask */;
			targetProxy = 68ED30752A91E2840064A96D /* PBXContainerItemProxy */;
		};
		68ED30802A91E2840064A96D /* PBXTargetDependency */ = {
			isa = PBXTargetDependency;
			target = 68ED305E2A91E2830064A96D /* MyTask */;
			targetProxy = 68ED307F2A91E2840064A96D /* PBXContainerItemProxy */;
		};
/* End PBXTargetDependency section */

/* Begin XCBuildConfiguration section */
		68ED30862A91E2840064A96D /* Debug */ = {
			isa = XCBuildConfiguration;
			buildSettings = {
				ALWAYS_SEARCH_USER_PATHS = NO;
				CLANG_ANALYZER_NONNULL = YES;
				CLANG_ANALYZER_NUMBER_OBJECT_CONVERSION = YES_AGGRESSIVE;
				CLANG_CXX_LANGUAGE_STANDARD = "gnu++20";
				CLANG_ENABLE_MODULES = YES;
				CLANG_ENABLE_OBJC_ARC = YES;
				CLANG_ENABLE_OBJC_WEAK = YES;
				CLANG_WARN_BLOCK_CAPTURE_AUTORELEASING = YES;
				CLANG_WARN_BOOL_CONVERSION = YES;
				CLANG_WARN_COMMA = YES;
				CLANG_WARN_CONSTANT_CONVERSION = YES;
				CLANG_WARN_DEPRECATED_OBJC_IMPLEMENTATIONS = YES;
				CLANG_WARN_DIRECT_OBJC_ISA_USAGE = YES_ERROR;
				CLANG_WARN_DOCUMENTATION_COMMENTS = YES;
				CLANG_WARN_EMPTY_BODY = YES;
				CLANG_WARN_ENUM_CONVERSION = YES;
				CLANG_WARN_INFINITE_RECURSION = YES;
				CLANG_WARN_INT_CONVERSION = YES;
				CLANG_WARN_NON_LITERAL_NULL_CONVERSION = YES;
				CLANG_WARN_OBJC_IMPLICIT_RETAIN_SELF = YES;
				CLANG_WARN_OBJC_LITERAL_CONVERSION = YES;
				CLANG_WARN_OBJC_ROOT_CLASS = YES_ERROR;
				CLANG_WARN_QUOTED_INCLUDE_IN_FRAMEWORK_HEADER = YES;
				CLANG_WARN_RANGE_LOOP_ANALYSIS = YES;
				CLANG_WARN_STRICT_PROTOTYPES = YES;
				CLANG_WARN_SUSPICIOUS_MOVE = YES;
				CLANG_WARN_UNGUARDED_AVAILABILITY = YES_AGGRESSIVE;
				CLANG_WARN_UNREACHABLE_CODE = YES;
				CLANG_WARN__DUPLICATE_METHOD_MATCH = YES;
				COPY_PHASE_STRIP = NO;
				DEBUG_INFORMATION_FORMAT = dwarf;
				ENABLE_STRICT_OBJC_MSGSEND = YES;
				ENABLE_TESTABILITY = YES;
				GCC_C_LANGUAGE_STANDARD = gnu11;
				GCC_DYNAMIC_NO_PIC = NO;
				GCC_NO_COMMON_BLOCKS = YES;
				GCC_OPTIMIZATION_LEVEL = 0;
				GCC_PREPROCESSOR_DEFINITIONS = (
					"DEBUG=1",
					"$(inherited)",
				);
				GCC_WARN_64_TO_32_BIT_CONVERSION = YES;
				GCC_WARN_ABOUT_RETURN_TYPE = YES_ERROR;
				GCC_WARN_UNDECLARED_SELECTOR = YES;
				GCC_WARN_UNINITIALIZED_AUTOS = YES_AGGRESSIVE;
				GCC_WARN_UNUSED_FUNCTION = YES;
				GCC_WARN_UNUSED_VARIABLE = YES;
				IPHONEOS_DEPLOYMENT_TARGET = 16.2;
				MTL_ENABLE_DEBUG_INFO = INCLUDE_SOURCE;
				MTL_FAST_MATH = YES;
				ONLY_ACTIVE_ARCH = YES;
				SDKROOT = iphoneos;
				SWIFT_ACTIVE_COMPILATION_CONDITIONS = DEBUG;
				SWIFT_OPTIMIZATION_LEVEL = "-Onone";
			};
			name = Debug;
		};
		68ED30872A91E2840064A96D /* Release */ = {
			isa = XCBuildConfiguration;
			buildSettings = {
				ALWAYS_SEARCH_USER_PATHS = NO;
				CLANG_ANALYZER_NONNULL = YES;
				CLANG_ANALYZER_NUMBER_OBJECT_CONVERSION = YES_AGGRESSIVE;
				CLANG_CXX_LANGUAGE_STANDARD = "gnu++20";
				CLANG_ENABLE_MODULES = YES;
				CLANG_ENABLE_OBJC_ARC = YES;
				CLANG_ENABLE_OBJC_WEAK = YES;
				CLANG_WARN_BLOCK_CAPTURE_AUTORELEASING = YES;
				CLANG_WARN_BOOL_CONVERSION = YES;
				CLANG_WARN_COMMA = YES;
				CLANG_WARN_CONSTANT_CONVERSION = YES;
				CLANG_WARN_DEPRECATED_OBJC_IMPLEMENTATIONS = YES;
				CLANG_WARN_DIRECT_OBJC_ISA_USAGE = YES_ERROR;
				CLANG_WARN_DOCUMENTATION_COMMENTS = YES;
				CLANG_WARN_EMPTY_BODY = YES;
				CLANG_WARN_ENUM_CONVERSION = YES;
				CLANG_WARN_INFINITE_RECURSION = YES;
				CLANG_WARN_INT_CONVERSION = YES;
				CLANG_WARN_NON_LITERAL_NULL_CONVERSION = YES;
				CLANG_WARN_OBJC_IMPLICIT_RETAIN_SELF = YES;
				CLANG_WARN_OBJC_LITERAL_CONVERSION = YES;
				CLANG_WARN_OBJC_ROOT_CLASS = YES_ERROR;
				CLANG_WARN_QUOTED_INCLUDE_IN_FRAMEWORK_HEADER = YES;
				CLANG_WARN_RANGE_LOOP_ANALYSIS = YES;
				CLANG_WARN_STRICT_PROTOTYPES = YES;
				CLANG_WARN_SUSPICIOUS_MOVE = YES;
				CLANG_WARN_UNGUARDED_AVAILABILITY = YES_AGGRESSIVE;
				CLANG_WARN_UNREACHABLE_CODE = YES;
				CLANG_WARN__DUPLICATE_METHOD_MATCH = YES;
				COPY_PHASE_STRIP = NO;
				DEBUG_INFORMATION_FORMAT = "dwarf-with-dsym";
				ENABLE_NS_ASSERTIONS = NO;
				ENABLE_STRICT_OBJC_MSGSEND = YES;
				GCC_C_LANGUAGE_STANDARD = gnu11;
				GCC_NO_COMMON_BLOCKS = YES;
				GCC_WARN_64_TO_32_BIT_CONVERSION = YES;
				GCC_WARN_ABOUT_RETURN_TYPE = YES_ERROR;
				GCC_WARN_UNDECLARED_SELECTOR = YES;
				GCC_WARN_UNINITIALIZED_AUTOS = YES_AGGRESSIVE;
				GCC_WARN_UNUSED_FUNCTION = YES;
				GCC_WARN_UNUSED_VARIABLE = YES;
				IPHONEOS_DEPLOYMENT_TARGET = 16.2;
				MTL_ENABLE_DEBUG_INFO = NO;
				MTL_FAST_MATH = YES;
				SDKROOT = iphoneos;
				SWIFT_COMPILATION_MODE = wholemodule;
				SWIFT_OPTIMIZATION_LEVEL = "-O";
				VALIDATE_PRODUCT = YES;
			};
			name = Release;
		};
		68ED30892A91E2840064A96D /* Debug */ = {
			isa = XCBuildConfiguration;
			buildSettings = {
				ASSETCATALOG_COMPILER_APPICON_NAME = AppIcon;
				ASSETCATALOG_COMPILER_GLOBAL_ACCENT_COLOR_NAME = AccentColor;
				CODE_SIGN_STYLE = Automatic;
				CURRENT_PROJECT_VERSION = 1;
				DEVELOPMENT_ASSET_PATHS = "\"MyTask/Preview Content\"";
				ENABLE_PREVIEWS = YES;
				GENERATE_INFOPLIST_FILE = YES;
				INFOPLIST_KEY_UIApplicationSceneManifest_Generation = YES;
				INFOPLIST_KEY_UIApplicationSupportsIndirectInputEvents = YES;
				INFOPLIST_KEY_UILaunchScreen_Generation = YES;
				INFOPLIST_KEY_UISupportedInterfaceOrientations_iPad = "UIInterfaceOrientationPortrait UIInterfaceOrientationPortraitUpsideDown UIInterfaceOrientationLandscapeLeft UIInterfaceOrientationLandscapeRight";
				INFOPLIST_KEY_UISupportedInterfaceOrientations_iPhone = "UIInterfaceOrientationPortrait UIInterfaceOrientationLandscapeLeft UIInterfaceOrientationLandscapeRight";
				LD_RUNPATH_SEARCH_PATHS = (
					"$(inherited)",
					"@executable_path/Frameworks",
				);
				MARKETING_VERSION = 1.0;
				PRODUCT_BUNDLE_IDENTIFIER = harishdy.com.MyTask;
				PRODUCT_NAME = "$(TARGET_NAME)";
				SWIFT_EMIT_LOC_STRINGS = YES;
				SWIFT_VERSION = 5.0;
				TARGETED_DEVICE_FAMILY = "1,2";
			};
			name = Debug;
		};
		68ED308A2A91E2840064A96D /* Release */ = {
			isa = XCBuildConfiguration;
			buildSettings = {
				ASSETCATALOG_COMPILER_APPICON_NAME = AppIcon;
				ASSETCATALOG_COMPILER_GLOBAL_ACCENT_COLOR_NAME = AccentColor;
				CODE_SIGN_STYLE = Automatic;
				CURRENT_PROJECT_VERSION = 1;
				DEVELOPMENT_ASSET_PATHS = "\"MyTask/Preview Content\"";
				ENABLE_PREVIEWS = YES;
				GENERATE_INFOPLIST_FILE = YES;
				INFOPLIST_KEY_UIApplicationSceneManifest_Generation = YES;
				INFOPLIST_KEY_UIApplicationSupportsIndirectInputEvents = YES;
				INFOPLIST_KEY_UILaunchScreen_Generation = YES;
				INFOPLIST_KEY_UISupportedInterfaceOrientations_iPad = "UIInterfaceOrientationPortrait UIInterfaceOrientationPortraitUpsideDown UIInterfaceOrientationLandscapeLeft UIInterfaceOrientationLandscapeRight";
				INFOPLIST_KEY_UISupportedInterfaceOrientations_iPhone = "UIInterfaceOrientationPortrait UIInterfaceOrientationLandscapeLeft UIInterfaceOrientationLandscapeRight";
				LD_RUNPATH_SEARCH_PATHS = (
					"$(inherited)",
					"@executable_path/Frameworks",
				);
				MARKETING_VERSION = 1.0;
				PRODUCT_BUNDLE_IDENTIFIER = harishdy.com.MyTask;
				PRODUCT_NAME = "$(TARGET_NAME)";
				SWIFT_EMIT_LOC_STRINGS = YES;
				SWIFT_VERSION = 5.0;
				TARGETED_DEVICE_FAMILY = "1,2";
			};
			name = Release;
		};
		68ED308C2A91E2840064A96D /* Debug */ = {
			isa = XCBuildConfiguration;
			buildSettings = {
				ALWAYS_EMBED_SWIFT_STANDARD_LIBRARIES = YES;
				BUNDLE_LOADER = "$(TEST_HOST)";
				CODE_SIGN_STYLE = Automatic;
				CURRENT_PROJECT_VERSION = 1;
				GENERATE_INFOPLIST_FILE = YES;
				IPHONEOS_DEPLOYMENT_TARGET = 16.2;
				MARKETING_VERSION = 1.0;
				PRODUCT_BUNDLE_IDENTIFIER = harishdy.com.MyTaskTests;
				PRODUCT_NAME = "$(TARGET_NAME)";
				SWIFT_EMIT_LOC_STRINGS = NO;
				SWIFT_VERSION = 5.0;
				TARGETED_DEVICE_FAMILY = "1,2";
				TEST_HOST = "$(BUILT_PRODUCTS_DIR)/MyTask.app/$(BUNDLE_EXECUTABLE_FOLDER_PATH)/MyTask";
			};
			name = Debug;
		};
		68ED308D2A91E2840064A96D /* Release */ = {
			isa = XCBuildConfiguration;
			buildSettings = {
				ALWAYS_EMBED_SWIFT_STANDARD_LIBRARIES = YES;
				BUNDLE_LOADER = "$(TEST_HOST)";
				CODE_SIGN_STYLE = Automatic;
				CURRENT_PROJECT_VERSION = 1;
				GENERATE_INFOPLIST_FILE = YES;
				IPHONEOS_DEPLOYMENT_TARGET = 16.2;
				MARKETING_VERSION = 1.0;
				PRODUCT_BUNDLE_IDENTIFIER = harishdy.com.MyTaskTests;
				PRODUCT_NAME = "$(TARGET_NAME)";
				SWIFT_EMIT_LOC_STRINGS = NO;
				SWIFT_VERSION = 5.0;
				TARGETED_DEVICE_FAMILY = "1,2";
				TEST_HOST = "$(BUILT_PRODUCTS_DIR)/MyTask.app/$(BUNDLE_EXECUTABLE_FOLDER_PATH)/MyTask";
			};
			name = Release;
		};
		68ED308F2A91E2840064A96D /* Debug */ = {
			isa = XCBuildConfiguration;
			buildSettings = {
				ALWAYS_EMBED_SWIFT_STANDARD_LIBRARIES = YES;
				CODE_SIGN_STYLE = Automatic;
				CURRENT_PROJECT_VERSION = 1;
				GENERATE_INFOPLIST_FILE = YES;
				MARKETING_VERSION = 1.0;
				PRODUCT_BUNDLE_IDENTIFIER = harishdy.com.MyTaskUITests;
				PRODUCT_NAME = "$(TARGET_NAME)";
				SWIFT_EMIT_LOC_STRINGS = NO;
				SWIFT_VERSION = 5.0;
				TARGETED_DEVICE_FAMILY = "1,2";
				TEST_TARGET_NAME = MyTask;
			};
			name = Debug;
		};
		68ED30902A91E2840064A96D /* Release */ = {
			isa = XCBuildConfiguration;
			buildSettings = {
				ALWAYS_EMBED_SWIFT_STANDARD_LIBRARIES = YES;
				CODE_SIGN_STYLE = Automatic;
				CURRENT_PROJECT_VERSION = 1;
				GENERATE_INFOPLIST_FILE = YES;
				MARKETING_VERSION = 1.0;
				PRODUCT_BUNDLE_IDENTIFIER = harishdy.com.MyTaskUITests;
				PRODUCT_NAME = "$(TARGET_NAME)";
				SWIFT_EMIT_LOC_STRINGS = NO;
				SWIFT_VERSION = 5.0;
				TARGETED_DEVICE_FAMILY = "1,2";
				TEST_TARGET_NAME = MyTask;
			};
			name = Release;
		};
/* End XCBuildConfiguration section */

/* Begin XCConfigurationList section */
		68ED305A2A91E2830064A96D /* Build configuration list for PBXProject "MyTask" */ = {
			isa = XCConfigurationList;
			buildConfigurations = (
				68ED30862A91E2840064A96D /* Debug */,
				68ED30872A91E2840064A96D /* Release */,
			);
			defaultConfigurationIsVisible = 0;
			defaultConfigurationName = Release;
		};
		68ED30882A91E2840064A96D /* Build configuration list for PBXNativeTarget "MyTask" */ = {
			isa = XCConfigurationList;
			buildConfigurations = (
				68ED30892A91E2840064A96D /* Debug */,
				68ED308A2A91E2840064A96D /* Release */,
			);
			defaultConfigurationIsVisible = 0;
			defaultConfigurationName = Release;
		};
		68ED308B2A91E2840064A96D /* Build configuration list for PBXNativeTarget "MyTaskTests" */ = {
			isa = XCConfigurationList;
			buildConfigurations = (
				68ED308C2A91E2840064A96D /* Debug */,
				68ED308D2A91E2840064A96D /* Release */,
			);
			defaultConfigurationIsVisible = 0;
			defaultConfigurationName = Release;
		};
		68ED308E2A91E2840064A96D /* Build configuration list for PBXNativeTarget "MyTaskUITests" */ = {
			isa = XCConfigurationList;
			buildConfigurations = (
				68ED308F2A91E2840064A96D /* Debug */,
				68ED30902A91E2840064A96D /* Release */,
			);
			defaultConfigurationIsVisible = 0;
			defaultConfigurationName = Release;
		};
/* End XCConfigurationList section */

/* Begin XCVersionGroup section */
		68ED306D2A91E2840064A96D /* MyTask.xcdatamodeld */ = {
			isa = XCVersionGroup;
			children = (
				68ED306E2A91E2840064A96D /* MyTask.xcdatamodel */,
			);
			currentVersion = 68ED306E2A91E2840064A96D /* MyTask.xcdatamodel */;
			path = MyTask.xcdatamodeld;
			sourceTree = "<group>";
			versionGroupType = wrapper.xcdatamodel;
		};
/* End XCVersionGroup section */
	};
	rootObject = 68ED30572A91E2830064A96D /* Project object */;
}
